# This file was autogenerated by Stack.
# You should not edit this file by hand.
# For more information, please see the documentation at:
#   https://docs.haskellstack.org/en/stable/topics/lock_files

packages:
- completed:
    name: beeline-params
    pantry-tree:
      sha256: 3d0f582f02c160404ea013af8cc1ecd3f7ba6687afba3a6c19fc9e27b092d011
      size: 1069
    sha256: ed2f434a2fbd42ed7fbdfa0cde8ab6db208cbc13c8ae4e4c9de492732c3a8e3a
    size: 35186
    subdir: beeline-params
    url: https://github.com/flipstone/beeline/archive/135da92b069d5c25d58539fd9b1ade538a4fbb67.tar.gz
    version: 0.1.0.1
  original:
    subdir: beeline-params
    url: https://github.com/flipstone/beeline/archive/135da92b069d5c25d58539fd9b1ade538a4fbb67.tar.gz
- completed:
    name: beeline-routing
    pantry-tree:
      sha256: 2832ddde0518d133fe10496c3e70ee4c91ea2d6c7fafa19f11c9867c9d5bf036
      size: 1119
    sha256: ed2f434a2fbd42ed7fbdfa0cde8ab6db208cbc13c8ae4e4c9de492732c3a8e3a
    size: 35186
    subdir: beeline-routing
    url: https://github.com/flipstone/beeline/archive/135da92b069d5c25d58539fd9b1ade538a4fbb67.tar.gz
    version: 0.3.0.2
  original:
    subdir: beeline-routing
    url: https://github.com/flipstone/beeline/archive/135da92b069d5c25d58539fd9b1ade538a4fbb67.tar.gz
- completed:
    name: beeline-http-client
    pantry-tree:
      sha256: 4bcdc6705d314e3168b3383aec5fe0a083d7129eb03b1f718f20449f757496fe
      size: 725
    sha256: ed2f434a2fbd42ed7fbdfa0cde8ab6db208cbc13c8ae4e4c9de492732c3a8e3a
    size: 35186
    subdir: beeline-http-client
    url: https://github.com/flipstone/beeline/archive/135da92b069d5c25d58539fd9b1ade538a4fbb67.tar.gz
    version: 0.9.0.2
  original:
    subdir: beeline-http-client
    url: https://github.com/flipstone/beeline/archive/135da92b069d5c25d58539fd9b1ade538a4fbb67.tar.gz
- completed:
    name: shrubbery
    pantry-tree:
      sha256: d16c6b171d9b360098760d2c2269ded8eaae823ed9aa5c7a36598673e83fb9e3
      size: 2834
    sha256: 8bb3b52a8f9cb3f6edc5ee0c4584c81187b05966d59d718a247a6707479e2e33
    size: 30344
    url: https://github.com/flipstone/shrubbery/archive/a064ede07e01b753a6eb310fc24d9fd8da1ad826.tar.gz
    version: 0.2.3.1
  original:
    url: https://github.com/flipstone/shrubbery/archive/a064ede07e01b753a6eb310fc24d9fd8da1ad826.tar.gz
- completed:
    name: json-fleece-aeson
    pantry-tree:
      sha256: c1204bd17604272fdcdff26ea9e7b932c3bd311acaad307835a37eb3038566f5
      size: 628
    sha256: 3e33545008707d7c8a8b12107b25bedd685de1f240e820b2b21f5f5c21666a3d
    size: 3079670
    subdir: json-fleece-aeson
    url: https://github.com/flipstone/json-fleece/archive/646f1ef7d31ac0e2028011910f79be482035738d.tar.gz
    version: 0.5.0.0
  original:
    subdir: json-fleece-aeson
    url: https://github.com/flipstone/json-fleece/archive/646f1ef7d31ac0e2028011910f79be482035738d.tar.gz
- completed:
    name: json-fleece-core
    pantry-tree:
      sha256: 2a4160e5337f7caff2591c32529e8b1b6366c1be335bb53ad64e59e8b986a14e
      size: 491
    sha256: 3e33545008707d7c8a8b12107b25bedd685de1f240e820b2b21f5f5c21666a3d
    size: 3079670
    subdir: json-fleece-core
    url: https://github.com/flipstone/json-fleece/archive/646f1ef7d31ac0e2028011910f79be482035738d.tar.gz
    version: 0.11.0.0
  original:
    subdir: json-fleece-core
    url: https://github.com/flipstone/json-fleece/archive/646f1ef7d31ac0e2028011910f79be482035738d.tar.gz
snapshots:
- completed:
    sha256: 238fa745b64f91184f9aa518fe04bdde6552533d169b0da5256670df83a0f1a9
    size: 721141
    url: https://raw.githubusercontent.com/commercialhaskell/stackage-snapshots/master/lts/22/44.yaml
  original: lts-22.44
