# This file was autogenerated by Stack.
# You should not edit this file by hand.
# For more information, please see the documentation at:
#   https://docs.haskellstack.org/en/stable/lock_files

packages:
- completed:
    name: beeline-params
    pantry-tree:
      sha256: 3ff6b399e4ef7b1ba21146d614f012b5e6ae79004f89fde1a1ae22a939a9e91d
      size: 1069
    sha256: f7304165b534c5e188e8346a76fd2cf2333c953a8ea69a756b406ea7d5b29a20
    size: 34655
    subdir: beeline-params
    url: https://github.com/flipstone/beeline/archive/a0793b39bcb1c5a7724eabe8763c932f7fb3f4a8.tar.gz
    version: 0.1.0.0
  original:
    subdir: beeline-params
    url: https://github.com/flipstone/beeline/archive/a0793b39bcb1c5a7724eabe8763c932f7fb3f4a8.tar.gz
- completed:
    name: beeline-routing
    pantry-tree:
      sha256: dbaa3c715f4f7235d75e34dd717c308b5c5e6fd21170fcea3583ab26a4d5e26e
      size: 1119
    sha256: f7304165b534c5e188e8346a76fd2cf2333c953a8ea69a756b406ea7d5b29a20
    size: 34655
    subdir: beeline-routing
    url: https://github.com/flipstone/beeline/archive/a0793b39bcb1c5a7724eabe8763c932f7fb3f4a8.tar.gz
    version: 0.3.0.0
  original:
    subdir: beeline-routing
    url: https://github.com/flipstone/beeline/archive/a0793b39bcb1c5a7724eabe8763c932f7fb3f4a8.tar.gz
- completed:
    name: json-fleece-aeson
    pantry-tree:
      sha256: 4d3f8a85148cddd920d9793670cbc71c0da4e7e6c33573e3c80b0fb6042a666b
      size: 581
    sha256: 02cd0cbf7930acfbc3c3054d1acaf5907577e141b9f023a6b07ecb134b07acfe
    size: 3045576
    subdir: json-fleece-aeson
    url: https://github.com/flipstone/json-fleece/archive/6fae4b628088c26fdddb53f1a44c72459625547a.tar.gz
    version: 0.3.7.0
  original:
    subdir: json-fleece-aeson
    url: https://github.com/flipstone/json-fleece/archive/6fae4b628088c26fdddb53f1a44c72459625547a.tar.gz
- completed:
    name: json-fleece-core
    pantry-tree:
      sha256: 68ef35b59a0c8a2d0beda7a051f0f8a662c55a6148a1ef4c0c80845eee888038
      size: 443
    sha256: 02cd0cbf7930acfbc3c3054d1acaf5907577e141b9f023a6b07ecb134b07acfe
    size: 3045576
    subdir: json-fleece-core
    url: https://github.com/flipstone/json-fleece/archive/6fae4b628088c26fdddb53f1a44c72459625547a.tar.gz
    version: 0.7.1.0
  original:
    subdir: json-fleece-core
    url: https://github.com/flipstone/json-fleece/archive/6fae4b628088c26fdddb53f1a44c72459625547a.tar.gz
- completed:
    name: shrubbery
    pantry-tree:
      sha256: 1c4db8a171cbf61e10afa09be518ce3e3c834988e605dc4ddccb8fc635d4eb8b
      size: 1799
    sha256: c935a9fbfc3a31c383862b575ff7e085dd1833b609fbf257952d32033f39672e
    size: 26905
    url: https://github.com/flipstone/shrubbery/archive/ae5c282af3029179d5ab43a927aecbc8e44971e4.tar.gz
    version: 0.2.3.0
  original:
    url: https://github.com/flipstone/shrubbery/archive/ae5c282af3029179d5ab43a927aecbc8e44971e4.tar.gz
snapshots:
- completed:
    sha256: 6c5aeace2ca5ecde793a9e0acfaa730ec8f384aa2f6183a2a252f5f9ec55d623
    size: 720039
    url: https://raw.githubusercontent.com/commercialhaskell/stackage-snapshots/master/lts/22/39.yaml
  original: lts-22.39
