# This file was autogenerated by Stack.
# You should not edit this file by hand.
# For more information, please see the documentation at:
#   https://docs.haskellstack.org/en/stable/topics/lock_files

packages:
- completed:
    name: beeline-params
    pantry-tree:
      sha256: 45904abe4737db4c3a8600bb6a2a0900085f58165c03f8e5e1249cbdd04d2bef
      size: 1069
    sha256: 24eb20b509eeb14ca9a64d9e9c00cf13b805c178b3a938304f82159cd9d4a6ff
    size: 34812
    subdir: beeline-params
    url: https://github.com/flipstone/beeline/archive/ad51a5197ba71b44f27fd760c6c241ac67f0a52f.tar.gz
    version: 0.1.0.1
  original:
    subdir: beeline-params
    url: https://github.com/flipstone/beeline/archive/ad51a5197ba71b44f27fd760c6c241ac67f0a52f.tar.gz
- completed:
    name: beeline-routing
    pantry-tree:
      sha256: 447f2eaffee4cc4d8763c89d1f1c80e4b90e73c6556c644c9949d04508ff3cd2
      size: 1119
    sha256: 24eb20b509eeb14ca9a64d9e9c00cf13b805c178b3a938304f82159cd9d4a6ff
    size: 34812
    subdir: beeline-routing
    url: https://github.com/flipstone/beeline/archive/ad51a5197ba71b44f27fd760c6c241ac67f0a52f.tar.gz
    version: 0.3.0.1
  original:
    subdir: beeline-routing
    url: https://github.com/flipstone/beeline/archive/ad51a5197ba71b44f27fd760c6c241ac67f0a52f.tar.gz
- completed:
    name: json-fleece-aeson
    pantry-tree:
      sha256: 44d61020dc5c186c36221db216958a736b75826b1d8de3f66646d5f54fef73c8
      size: 581
    sha256: e4307a0d8bb38e8d3baef9478ef10b731c1b6b0f5eed39d803945925d1bd1e65
    size: 3045675
    subdir: json-fleece-aeson
    url: https://github.com/flipstone/json-fleece/archive/58cb619ca4334bf42b8a17b151850d7dc9665ed9.tar.gz
    version: 0.3.7.1
  original:
    subdir: json-fleece-aeson
    url: https://github.com/flipstone/json-fleece/archive/58cb619ca4334bf42b8a17b151850d7dc9665ed9.tar.gz
- completed:
    name: json-fleece-core
    pantry-tree:
      sha256: 1362a6c2f3a77c5e73b877b1491c93b4b127dd11bd5566fe9bab2b7106c0073c
      size: 443
    sha256: e4307a0d8bb38e8d3baef9478ef10b731c1b6b0f5eed39d803945925d1bd1e65
    size: 3045675
    subdir: json-fleece-core
    url: https://github.com/flipstone/json-fleece/archive/58cb619ca4334bf42b8a17b151850d7dc9665ed9.tar.gz
    version: 0.7.1.1
  original:
    subdir: json-fleece-core
    url: https://github.com/flipstone/json-fleece/archive/58cb619ca4334bf42b8a17b151850d7dc9665ed9.tar.gz
- completed:
    name: shrubbery
    pantry-tree:
      sha256: d16c6b171d9b360098760d2c2269ded8eaae823ed9aa5c7a36598673e83fb9e3
      size: 2834
    sha256: 8bb3b52a8f9cb3f6edc5ee0c4584c81187b05966d59d718a247a6707479e2e33
    size: 30344
    url: https://github.com/flipstone/shrubbery/archive/a064ede07e01b753a6eb310fc24d9fd8da1ad826.tar.gz
    version: 0.2.3.1
  original:
    url: https://github.com/flipstone/shrubbery/archive/a064ede07e01b753a6eb310fc24d9fd8da1ad826.tar.gz
snapshots:
- completed:
    sha256: 6c5aeace2ca5ecde793a9e0acfaa730ec8f384aa2f6183a2a252f5f9ec55d623
    size: 720039
    url: https://raw.githubusercontent.com/commercialhaskell/stackage-snapshots/master/lts/22/39.yaml
  original: lts-22.39
