# This file was autogenerated by Stack.
# You should not edit this file by hand.
# For more information, please see the documentation at:
#   https://docs.haskellstack.org/en/stable/topics/lock_files

packages:
- completed:
    name: beeline-params
    pantry-tree:
      sha256: d0db931040ec4773c3af456cad1ef600ed35438b23d3a1c7d15c2ad57b194558
      size: 1210
    sha256: 225c76196f47339865086c6485e2e387894fd98e22177ac0c25181794aa0021d
    size: 36266
    subdir: beeline-params
    url: https://github.com/flipstone/beeline/archive/0b2536c63089ca6bd8f4872787261f4cabe0be61.tar.gz
    version: 0.2.0.0
  original:
    subdir: beeline-params
    url: https://github.com/flipstone/beeline/archive/0b2536c63089ca6bd8f4872787261f4cabe0be61.tar.gz
- completed:
    name: beeline-routing
    pantry-tree:
      sha256: ac9788a17532bdb3b7e77c7324e8f78f4f65ff12fe8828dfee16960aea2ba246
      size: 1119
    sha256: 225c76196f47339865086c6485e2e387894fd98e22177ac0c25181794aa0021d
    size: 36266
    subdir: beeline-routing
    url: https://github.com/flipstone/beeline/archive/0b2536c63089ca6bd8f4872787261f4cabe0be61.tar.gz
    version: 0.3.0.2
  original:
    subdir: beeline-routing
    url: https://github.com/flipstone/beeline/archive/0b2536c63089ca6bd8f4872787261f4cabe0be61.tar.gz
- completed:
    name: beeline-http-client
    pantry-tree:
      sha256: f15d423a64227d7bf1b2f8cc32f124eafb4e2af3b436350c551998d21178175e
      size: 725
    sha256: 225c76196f47339865086c6485e2e387894fd98e22177ac0c25181794aa0021d
    size: 36266
    subdir: beeline-http-client
    url: https://github.com/flipstone/beeline/archive/0b2536c63089ca6bd8f4872787261f4cabe0be61.tar.gz
    version: 0.9.0.2
  original:
    subdir: beeline-http-client
    url: https://github.com/flipstone/beeline/archive/0b2536c63089ca6bd8f4872787261f4cabe0be61.tar.gz
- completed:
    name: shrubbery
    pantry-tree:
      sha256: 75ff8aaa77b6445dc399e1741d167b67d16a2cfab454a1c1c2e5486c45f3920e
      size: 2819
    sha256: f900695768f954a3796c34c0d29656c7d013b6efa793b6690f9ee4b6454ae409
    size: 40379
    url: https://github.com/flipstone/shrubbery/archive/6785a015e392edc197ccf70501b8e19a73605e6d.tar.gz
    version: 0.2.4.0
  original:
    url: https://github.com/flipstone/shrubbery/archive/6785a015e392edc197ccf70501b8e19a73605e6d.tar.gz
- completed:
    name: json-fleece-aeson
    pantry-tree:
      sha256: b614f1e1b47e1192bbd341407fd4ffc9f161c8b8bd8c0ec8d27c99a49afa98f9
      size: 628
    sha256: 40e6eead7c83e0cd62730677d520ece73f1c6a8c4671e0e0d5d75fd124020dd4
    size: 3086884
    subdir: json-fleece-aeson
    url: https://github.com/flipstone/json-fleece/archive/fbe839c005be4f7c9a33cc312b89ca401ef05d85.tar.gz
    version: 0.5.0.0
  original:
    subdir: json-fleece-aeson
    url: https://github.com/flipstone/json-fleece/archive/fbe839c005be4f7c9a33cc312b89ca401ef05d85.tar.gz
- completed:
    name: json-fleece-core
    pantry-tree:
      sha256: 24493c3876f1b49eff5b571dcc31ee23bf7cc1a60cffb01ff1c8c5de950a9e45
      size: 491
    sha256: 40e6eead7c83e0cd62730677d520ece73f1c6a8c4671e0e0d5d75fd124020dd4
    size: 3086884
    subdir: json-fleece-core
    url: https://github.com/flipstone/json-fleece/archive/fbe839c005be4f7c9a33cc312b89ca401ef05d85.tar.gz
    version: 0.12.0.0
  original:
    subdir: json-fleece-core
    url: https://github.com/flipstone/json-fleece/archive/fbe839c005be4f7c9a33cc312b89ca401ef05d85.tar.gz
- completed:
    name: bounded-text
    pantry-tree:
      sha256: e98540b1877ae4709420472f83e8fd04b987eaeb914df72bb33b0bbe55debac2
      size: 2162
    sha256: 29c500737d8e481fe2e3325fe643a9cafc565ffd06b754bf14219f579d927f5d
    size: 11885
    url: https://github.com/flipstone/bounded-text/archive/3ef94eeda5402857423284d0c4e021a8c8032498.tar.gz
    version: 0.1.2.0
  original:
    url: https://github.com/flipstone/bounded-text/archive/3ef94eeda5402857423284d0c4e021a8c8032498.tar.gz
- completed:
    hackage: template-haskell-lift-0.1.0.0@sha256:f6cd3ee45b0c68480c400bfca9f08f39e8e87a5eb823f206dbe06ab1923a4f1c,1136
    pantry-tree:
      sha256: 56ab994094c839bebb643ce5fc58dfae6269517ebe91f380e259adaf1def08bf
      size: 243
  original:
    hackage: template-haskell-lift-0.1.0.0
- completed:
    hackage: template-haskell-quasiquoter-0.1.0.0@sha256:71027c432c0fb1a293d0f2b1d46dd5be42b9703b7c4b2233ea8076bfc6f84aae,1181
    pantry-tree:
      sha256: f9f5177a522cc273c001dd5bd749e4f7ed841910c6136711b9b9825bc0bc9c56
      size: 257
  original:
    hackage: template-haskell-quasiquoter-0.1.0.0
snapshots:
- completed:
    sha256: 0d0bb681dd5be9b930c8fc070d717aae757b9aed176ae6047d87624b46406816
    size: 726097
    url: https://raw.githubusercontent.com/commercialhaskell/stackage-snapshots/master/lts/24/12.yaml
  original: lts-24.12
